
Microsoft Visual Studio Solution File, Format Version 12.00
# Visual Studio Version 16
VisualStudioVersion = 16.0.32106.194
MinimumVisualStudioVersion = 10.0.40219.1
Project("{FAE04EC0-301F-11D3-BF4B-00C04F79EFBC}") = "MagicDestroyers", "MagicDestroyers.csproj", "{473FD2D5-1CDA-4DD2-90E4-7C44CDE9106A}"
EndProject
Project("{FAE04EC0-301F-11D3-BF4B-00C04F79EFBC}") = "AccessModifiersExample", "..\AccessModifiersExample\AccessModifiersExample.csproj", "{BDDB9714-6FEA-437F-A7BE-47B33CE1E01A}"
EndProject
Global
	GlobalSection(SolutionConfigurationPlatforms) = preSolution
		Debug|Any CPU = Debug|Any CPU
		Release|Any CPU = Release|Any CPU
	EndGlobalSection
	GlobalSection(ProjectConfigurationPlatforms) = postSolution
		{473FD2D5-1CDA-4DD2-90E4-7C44CDE9106A}.Debug|Any CPU.ActiveCfg = Debug|Any CPU
		{473FD2D5-1CDA-4DD2-90E4-7C44CDE9106A}.Debug|Any CPU.Build.0 = Debug|Any CPU
		{473FD2D5-1CDA-4DD2-90E4-7C44CDE9106A}.Release|Any CPU.ActiveCfg = Release|Any CPU
		{473FD2D5-1CDA-4DD2-90E4-7C44CDE9106A}.Release|Any CPU.Build.0 = Release|Any CPU
		{BDDB9714-6FEA-437F-A7BE-47B33CE1E01A}.Debug|Any CPU.ActiveCfg = Debug|Any CPU
		{BDDB9714-6FEA-437F-A7BE-47B33CE1E01A}.Debug|Any CPU.Build.0 = Debug|Any CPU
		{BDDB9714-6FEA-437F-A7BE-47B33CE1E01A}.Release|Any CPU.ActiveCfg = Release|Any CPU
		{BDDB9714-6FEA-437F-A7BE-47B33CE1E01A}.Release|Any CPU.Build.0 = Release|Any CPU
	EndGlobalSection
	GlobalSection(SolutionProperties) = preSolution
		HideSolutionNode = FALSE
	EndGlobalSection
	GlobalSection(ExtensibilityGlobals) = postSolution
		SolutionGuid = {1D8E12F9-E4F5-449E-9D65-777FD1952932}
	EndGlobalSection
EndGlobal
